
Microsoft Visual Studio Solution File, Format Version 12.00
# Visual Studio Version 17
VisualStudioVersion = 17.2.32526.322
MinimumVisualStudioVersion = 10.0.40219.1
Project("{FAE04EC0-301F-11D3-BF4B-00C04F79EFBC}") = "DashboardAPI", "DashboardAPI.csproj", "{DB6A12FB-CFA6-440E-ABE5-6EEDBE6E7ABD}"
EndProject
Global
	GlobalSection(SolutionConfigurationPlatforms) = preSolution
		Debug|Any CPU = Debug|Any CPU
		Release|Any CPU = Release|Any CPU
	EndGlobalSection
	GlobalSection(ProjectConfigurationPlatforms) = postSolution
		{DB6A12FB-CFA6-440E-ABE5-6EEDBE6E7ABD}.Debug|Any CPU.ActiveCfg = Debug|Any CPU
		{DB6A12FB-CFA6-440E-ABE5-6EEDBE6E7ABD}.Debug|Any CPU.Build.0 = Debug|Any CPU
		{DB6A12FB-CFA6-440E-ABE5-6EEDBE6E7ABD}.Release|Any CPU.ActiveCfg = Release|Any CPU
		{DB6A12FB-CFA6-440E-ABE5-6EEDBE6E7ABD}.Release|Any CPU.Build.0 = Release|Any CPU
	EndGlobalSection
	GlobalSection(SolutionProperties) = preSolution
		HideSolutionNode = FALSE
	EndGlobalSection
	GlobalSection(ExtensibilityGlobals) = postSolution
		SolutionGuid = {F61A4AE3-0E29-43D2-AFAA-522D9EE275A2}
	EndGlobalSection
EndGlobal
